
Microsoft Visual Studio Solution File, Format Version 11.00
# Visual C# Express 2010
Project("{FAE04EC0-301F-11D3-BF4B-00C04F79EFBC}") = "Problem 25", "Problem 25\Problem 25.csproj", "{98CDFF2E-9E7B-4F0F-9C7A-1E692602D563}"
EndProject
Global
	GlobalSection(SolutionConfigurationPlatforms) = preSolution
		Debug|x86 = Debug|x86
		Release|x86 = Release|x86
	EndGlobalSection
	GlobalSection(ProjectConfigurationPlatforms) = postSolution
		{98CDFF2E-9E7B-4F0F-9C7A-1E692602D563}.Debug|x86.ActiveCfg = Debug|x86
		{98CDFF2E-9E7B-4F0F-9C7A-1E692602D563}.Debug|x86.Build.0 = Debug|x86
		{98CDFF2E-9E7B-4F0F-9C7A-1E692602D563}.Release|x86.ActiveCfg = Release|x86
		{98CDFF2E-9E7B-4F0F-9C7A-1E692602D563}.Release|x86.Build.0 = Release|x86
	EndGlobalSection
	GlobalSection(SolutionProperties) = preSolution
		HideSolutionNode = FALSE
	EndGlobalSection
EndGlobal
